// !$*UTF8*$!
{
	archiveVersion = 1;
	classes = {
	};
	objectVersion = 46;
	objects = {

/* Begin PBXBuildFile section */
		9B3D52D21AD98C6400DAC8FE /* AppDelegate.swift in Sources */ = {isa = PBXBuildFile; fileRef = 9B3D52D11AD98C6400DAC8FE /* AppDelegate.swift */; };
		9B3D52D41AD98C6400DAC8FE /* ViewController.swift in Sources */ = {isa = PBXBuildFile; fileRef = 9B3D52D31AD98C6400DAC8FE /* ViewController.swift */; };
		9B3D52D71AD98C6400DAC8FE /* Main.storyboard in Resources */ = {isa = PBXBuildFile; fileRef = 9B3D52D51AD98C6400DAC8FE /* Main.storyboard */; };
		9B3D52D91AD98C6400DAC8FE /* Images.xcassets in Resources */ = {isa = PBXBuildFile; fileRef = 9B3D52D81AD98C6400DAC8FE /* Images.xcassets */; };
		9B3D52DC1AD98C6400DAC8FE /* LaunchScreen.xib in Resources */ = {isa = PBXBuildFile; fileRef = 9B3D52DA1AD98C6400DAC8FE /* LaunchScreen.xib */; };
		9B3D52E81AD98C6400DAC8FE /* iDuinoTests.swift in Sources */ = {isa = PBXBuildFile; fileRef = 9B3D52E71AD98C6400DAC8FE /* iDuinoTests.swift */; };
		9B3D52F21AD98E3400DAC8FE /* RemoteTableViewController.swift in Sources */ = {isa = PBXBuildFile; fileRef = 9B3D52F11AD98E3400DAC8FE /* RemoteTableViewController.swift */; };
		9B3D52F41AD98E5100DAC8FE /* ProgramTableViewController.swift in Sources */ = {isa = PBXBuildFile; fileRef = 9B3D52F31AD98E5100DAC8FE /* ProgramTableViewController.swift */; };
		9B3D52F61AD98ED800DAC8FE /* AddModalViewController.swift in Sources */ = {isa = PBXBuildFile; fileRef = 9B3D52F51AD98ED800DAC8FE /* AddModalViewController.swift */; };
		9B3D52F81AD990C100DAC8FE /* BluetoothConstants.swift in Sources */ = {isa = PBXBuildFile; fileRef = 9B3D52F71AD990C100DAC8FE /* BluetoothConstants.swift */; };
/* End PBXBuildFile section */

/* Begin PBXContainerItemProxy section */
		9B3D52E21AD98C6400DAC8FE /* PBXContainerItemProxy */ = {
			isa = PBXContainerItemProxy;
			containerPortal = 9B3D52C41AD98C6400DAC8FE /* Project object */;
			proxyType = 1;
			remoteGlobalIDString = 9B3D52CB1AD98C6400DAC8FE;
			remoteInfo = iDuino;
		};
/* End PBXContainerItemProxy section */

/* Begin PBXFileReference section */
		9B3D52CC1AD98C6400DAC8FE /* iDuino.app */ = {isa = PBXFileReference; explicitFileType = wrapper.application; includeInIndex = 0; path = iDuino.app; sourceTree = BUILT_PRODUCTS_DIR; };
		9B3D52D01AD98C6400DAC8FE /* Info.plist */ = {isa = PBXFileReference; lastKnownFileType = text.plist.xml; path = Info.plist; sourceTree = "<group>"; };
		9B3D52D11AD98C6400DAC8FE /* AppDelegate.swift */ = {isa = PBXFileReference; lastKnownFileType = sourcecode.swift; path = AppDelegate.swift; sourceTree = "<group>"; };
		9B3D52D31AD98C6400DAC8FE /* ViewController.swift */ = {isa = PBXFileReference; lastKnownFileType = sourcecode.swift; path = ViewController.swift; sourceTree = "<group>"; };
		9B3D52D61AD98C6400DAC8FE /* Base */ = {isa = PBXFileReference; lastKnownFileType = file.storyboard; name = Base; path = Base.lproj/Main.storyboard; sourceTree = "<group>"; };
		9B3D52D81AD98C6400DAC8FE /* Images.xcassets */ = {isa = PBXFileReference; lastKnownFileType = folder.assetcatalog; path = Images.xcassets; sourceTree = "<group>"; };
		9B3D52DB1AD98C6400DAC8FE /* Base */ = {isa = PBXFileReference; lastKnownFileType = file.xib; name = Base; path = Base.lproj/LaunchScreen.xib; sourceTree = "<group>"; };
		9B3D52E11AD98C6400DAC8FE /* iDuinoTests.xctest */ = {isa = PBXFileReference; explicitFileType = wrapper.cfbundle; includeInIndex = 0; path = iDuinoTests.xctest; sourceTree = BUILT_PRODUCTS_DIR; };
		9B3D52E61AD98C6400DAC8FE /* Info.plist */ = {isa = PBXFileReference; lastKnownFileType = text.plist.xml; path = Info.plist; sourceTree = "<group>"; };
		9B3D52E71AD98C6400DAC8FE /* iDuinoTests.swift */ = {isa = PBXFileReference; lastKnownFileType = sourcecode.swift; path = iDuinoTests.swift; sourceTree = "<group>"; };
		9B3D52F11AD98E3400DAC8FE /* RemoteTableViewController.swift */ = {isa = PBXFileReference; fileEncoding = 4; lastKnownFileType = sourcecode.swift; path = RemoteTableViewController.swift; sourceTree = "<group>"; };
		9B3D52F31AD98E5100DAC8FE /* ProgramTableViewController.swift */ = {isa = PBXFileReference; fileEncoding = 4; lastKnownFileType = sourcecode.swift; path = ProgramTableViewController.swift; sourceTree = "<group>"; };
		9B3D52F51AD98ED800DAC8FE /* AddModalViewController.swift */ = {isa = PBXFileReference; fileEncoding = 4; lastKnownFileType = sourcecode.swift; path = AddModalViewController.swift; sourceTree = "<group>"; };
		9B3D52F71AD990C100DAC8FE /* BluetoothConstants.swift */ = {isa = PBXFileReference; fileEncoding = 4; lastKnownFileType = sourcecode.swift; path = BluetoothConstants.swift; sourceTree = "<group>"; };
/* End PBXFileReference section */

/* Begin PBXFrameworksBuildPhase section */
		9B3D52C91AD98C6400DAC8FE /* Frameworks */ = {
			isa = PBXFrameworksBuildPhase;
			buildActionMask = 2147483647;
			files = (
			);
			runOnlyForDeploymentPostprocessing = 0;
		};
		9B3D52DE1AD98C6400DAC8FE /* Frameworks */ = {
			isa = PBXFrameworksBuildPhase;
			buildActionMask = 2147483647;
			files = (
			);
			runOnlyForDeploymentPostprocessing = 0;
		};
/* End PBXFrameworksBuildPhase section */

/* Begin PBXGroup section */
		9B3D52C31AD98C6400DAC8FE = {
			isa = PBXGroup;
			children = (
				9B3D52CE1AD98C6400DAC8FE /* iDuino */,
				9B3D52E41AD98C6400DAC8FE /* iDuinoTests */,
				9B3D52CD1AD98C6400DAC8FE /* Products */,
			);
			sourceTree = "<group>";
		};
		9B3D52CD1AD98C6400DAC8FE /* Products */ = {
			isa = PBXGroup;
			children = (
				9B3D52CC1AD98C6400DAC8FE /* iDuino.app */,
				9B3D52E11AD98C6400DAC8FE /* iDuinoTests.xctest */,
			);
			name = Products;
			sourceTree = "<group>";
		};
		9B3D52CE1AD98C6400DAC8FE /* iDuino */ = {
			isa = PBXGroup;
			children = (
				9B3D52D11AD98C6400DAC8FE /* AppDelegate.swift */,
				9B3D52D31AD98C6400DAC8FE /* ViewController.swift */,
				9B3D52D51AD98C6400DAC8FE /* Main.storyboard */,
				9B3D52F51AD98ED800DAC8FE /* AddModalViewController.swift */,
				9B3D52F31AD98E5100DAC8FE /* ProgramTableViewController.swift */,
				9B3D52F71AD990C100DAC8FE /* BluetoothConstants.swift */,
				9B3D52F11AD98E3400DAC8FE /* RemoteTableViewController.swift */,
				9B3D52D81AD98C6400DAC8FE /* Images.xcassets */,
				9B3D52DA1AD98C6400DAC8FE /* LaunchScreen.xib */,
				9B3D52CF1AD98C6400DAC8FE /* Supporting Files */,
			);
			path = iDuino;
			sourceTree = "<group>";
		};
		9B3D52CF1AD98C6400DAC8FE /* Supporting Files */ = {
			isa = PBXGroup;
			children = (
				9B3D52D01AD98C6400DAC8FE /* Info.plist */,
			);
			name = "Supporting Files";
			sourceTree = "<group>";
		};
		9B3D52E41AD98C6400DAC8FE /* iDuinoTests */ = {
			isa = PBXGroup;
			children = (
				9B3D52E71AD98C6400DAC8FE /* iDuinoTests.swift */,
				9B3D52E51AD98C6400DAC8FE /* Supporting Files */,
			);
			path = iDuinoTests;
			sourceTree = "<group>";
		};
		9B3D52E51AD98C6400DAC8FE /* Supporting Files */ = {
			isa = PBXGroup;
			children = (
				9B3D52E61AD98C6400DAC8FE /* Info.plist */,
			);
			name = "Supporting Files";
			sourceTree = "<group>";
		};
/* End PBXGroup section */

/* Begin PBXNativeTarget section */
		9B3D52CB1AD98C6400DAC8FE /* iDuino */ = {
			isa = PBXNativeTarget;
			buildConfigurationList = 9B3D52EB1AD98C6400DAC8FE /* Build configuration list for PBXNativeTarget "iDuino" */;
			buildPhases = (
				9B3D52C81AD98C6400DAC8FE /* Sources */,
				9B3D52C91AD98C6400DAC8FE /* Frameworks */,
				9B3D52CA1AD98C6400DAC8FE /* Resources */,
			);
			buildRules = (
			);
			dependencies = (
			);
			name = iDuino;
			productName = iDuino;
			productReference = 9B3D52CC1AD98C6400DAC8FE /* iDuino.app */;
			productType = "com.apple.product-type.application";
		};
		9B3D52E01AD98C6400DAC8FE /* iDuinoTests */ = {
			isa = PBXNativeTarget;
			buildConfigurationList = 9B3D52EE1AD98C6400DAC8FE /* Build configuration list for PBXNativeTarget "iDuinoTests" */;
			buildPhases = (
				9B3D52DD1AD98C6400DAC8FE /* Sources */,
				9B3D52DE1AD98C6400DAC8FE /* Frameworks */,
				9B3D52DF1AD98C6400DAC8FE /* Resources */,
			);
			buildRules = (
			);
			dependencies = (
				9B3D52E31AD98C6400DAC8FE /* PBXTargetDependency */,
			);
			name = iDuinoTests;
			productName = iDuinoTests;
			productReference = 9B3D52E11AD98C6400DAC8FE /* iDuinoTests.xctest */;
			productType = "com.apple.product-type.bundle.unit-test";
		};
/* End PBXNativeTarget section */

/* Begin PBXProject section */
		9B3D52C41AD98C6400DAC8FE /* Project object */ = {
			isa = PBXProject;
			attributes = {
				LastUpgradeCheck = 0630;
				ORGANIZATIONNAME = ShipShape;
				TargetAttributes = {
					9B3D52CB1AD98C6400DAC8FE = {
						CreatedOnToolsVersion = 6.3;
					};
					9B3D52E01AD98C6400DAC8FE = {
						CreatedOnToolsVersion = 6.3;
						TestTargetID = 9B3D52CB1AD98C6400DAC8FE;
					};
				};
			};
			buildConfigurationList = 9B3D52C71AD98C6400DAC8FE /* Build configuration list for PBXProject "iDuino" */;
			compatibilityVersion = "Xcode 3.2";
			developmentRegion = English;
			hasScannedForEncodings = 0;
			knownRegions = (
				en,
				Base,
			);
			mainGroup = 9B3D52C31AD98C6400DAC8FE;
			productRefGroup = 9B3D52CD1AD98C6400DAC8FE /* Products */;
			projectDirPath = "";
			projectRoot = "";
			targets = (
				9B3D52CB1AD98C6400DAC8FE /* iDuino */,
				9B3D52E01AD98C6400DAC8FE /* iDuinoTests */,
			);
		};
/* End PBXProject section */

/* Begin PBXResourcesBuildPhase section */
		9B3D52CA1AD98C6400DAC8FE /* Resources */ = {
			isa = PBXResourcesBuildPhase;
			buildActionMask = 2147483647;
			files = (
				9B3D52D71AD98C6400DAC8FE /* Main.storyboard in Resources */,
				9B3D52DC1AD98C6400DAC8FE /* LaunchScreen.xib in Resources */,
				9B3D52D91AD98C6400DAC8FE /* Images.xcassets in Resources */,
			);
			runOnlyForDeploymentPostprocessing = 0;
		};
		9B3D52DF1AD98C6400DAC8FE /* Resources */ = {
			isa = PBXResourcesBuildPhase;
			buildActionMask = 2147483647;
			files = (
			);
			runOnlyForDeploymentPostprocessing = 0;
		};
/* End PBXResourcesBuildPhase section */

/* Begin PBXSourcesBuildPhase section */
		9B3D52C81AD98C6400DAC8FE /* Sources */ = {
			isa = PBXSourcesBuildPhase;
			buildActionMask = 2147483647;
			files = (
				9B3D52F41AD98E5100DAC8FE /* ProgramTableViewController.swift in Sources */,
				9B3D52F21AD98E3400DAC8FE /* RemoteTableViewController.swift in Sources */,
				9B3D52D41AD98C6400DAC8FE /* ViewController.swift in Sources */,
				9B3D52F61AD98ED800DAC8FE /* AddModalViewController.swift in Sources */,
				9B3D52F81AD990C100DAC8FE /* BluetoothConstants.swift in Sources */,
				9B3D52D21AD98C6400DAC8FE /* AppDelegate.swift in Sources */,
			);
			runOnlyForDeploymentPostprocessing = 0;
		};
		9B3D52DD1AD98C6400DAC8FE /* Sources */ = {
			isa = PBXSourcesBuildPhase;
			buildActionMask = 2147483647;
			files = (
				9B3D52E81AD98C6400DAC8FE /* iDuinoTests.swift in Sources */,
			);
			runOnlyForDeploymentPostprocessing = 0;
		};
/* End PBXSourcesBuildPhase section */

/* Begin PBXTargetDependency section */
		9B3D52E31AD98C6400DAC8FE /* PBXTargetDependency */ = {
			isa = PBXTargetDependency;
			target = 9B3D52CB1AD98C6400DAC8FE /* iDuino */;
			targetProxy = 9B3D52E21AD98C6400DAC8FE /* PBXContainerItemProxy */;
		};
/* End PBXTargetDependency section */

/* Begin PBXVariantGroup section */
		9B3D52D51AD98C6400DAC8FE /* Main.storyboard */ = {
			isa = PBXVariantGroup;
			children = (
				9B3D52D61AD98C6400DAC8FE /* Base */,
			);
			name = Main.storyboard;
			sourceTree = "<group>";
		};
		9B3D52DA1AD98C6400DAC8FE /* LaunchScreen.xib */ = {
			isa = PBXVariantGroup;
			children = (
				9B3D52DB1AD98C6400DAC8FE /* Base */,
			);
			name = LaunchScreen.xib;
			sourceTree = "<group>";
		};
/* End PBXVariantGroup section */

/* Begin XCBuildConfiguration section */
		9B3D52E91AD98C6400DAC8FE /* Debug */ = {
			isa = XCBuildConfiguration;
			buildSettings = {
				ALWAYS_SEARCH_USER_PATHS = NO;
				CLANG_CXX_LANGUAGE_STANDARD = "gnu++0x";
				CLANG_CXX_LIBRARY = "libc++";
				CLANG_ENABLE_MODULES = YES;
				CLANG_ENABLE_OBJC_ARC = YES;
				CLANG_WARN_BOOL_CONVERSION = YES;
				CLANG_WARN_CONSTANT_CONVERSION = YES;
				CLANG_WARN_DIRECT_OBJC_ISA_USAGE = YES_ERROR;
				CLANG_WARN_EMPTY_BODY = YES;
				CLANG_WARN_ENUM_CONVERSION = YES;
				CLANG_WARN_INT_CONVERSION = YES;
				CLANG_WARN_OBJC_ROOT_CLASS = YES_ERROR;
				CLANG_WARN_UNREACHABLE_CODE = YES;
				CLANG_WARN__DUPLICATE_METHOD_MATCH = YES;
				"CODE_SIGN_IDENTITY[sdk=iphoneos*]" = "iPhone Developer";
				COPY_PHASE_STRIP = NO;
				DEBUG_INFORMATION_FORMAT = "dwarf-with-dsym";
				ENABLE_STRICT_OBJC_MSGSEND = YES;
				GCC_C_LANGUAGE_STANDARD = gnu99;
				GCC_DYNAMIC_NO_PIC = NO;
				GCC_NO_COMMON_BLOCKS = YES;
				GCC_OPTIMIZATION_LEVEL = 0;
				GCC_PREPROCESSOR_DEFINITIONS = (
					"DEBUG=1",
					"$(inherited)",
				);
				GCC_SYMBOLS_PRIVATE_EXTERN = NO;
				GCC_WARN_64_TO_32_BIT_CONVERSION = YES;
				GCC_WARN_ABOUT_RETURN_TYPE = YES_ERROR;
				GCC_WARN_UNDECLARED_SELECTOR = YES;
				GCC_WARN_UNINITIALIZED_AUTOS = YES_AGGRESSIVE;
				GCC_WARN_UNUSED_FUNCTION = YES;
				GCC_WARN_UNUSED_VARIABLE = YES;
				IPHONEOS_DEPLOYMENT_TARGET = 8.3;
				MTL_ENABLE_DEBUG_INFO = YES;
				ONLY_ACTIVE_ARCH = YES;
				SDKROOT = iphoneos;
				SWIFT_OPTIMIZATION_LEVEL = "-Onone";
			};
			name = Debug;
		};
		9B3D52EA1AD98C6400DAC8FE /* Release */ = {
			isa = XCBuildConfiguration;
			buildSettings = {
				ALWAYS_SEARCH_USER_PATHS = NO;
				CLANG_CXX_LANGUAGE_STANDARD = "gnu++0x";
				CLANG_CXX_LIBRARY = "libc++";
				CLANG_ENABLE_MODULES = YES;
				CLANG_ENABLE_OBJC_ARC = YES;
				CLANG_WARN_BOOL_CONVERSION = YES;
				CLANG_WARN_CONSTANT_CONVERSION = YES;
				CLANG_WARN_DIRECT_OBJC_ISA_USAGE = YES_ERROR;
				CLANG_WARN_EMPTY_BODY = YES;
				CLANG_WARN_ENUM_CONVERSION = YES;
				CLANG_WARN_INT_CONVERSION = YES;
				CLANG_WARN_OBJC_ROOT_CLASS = YES_ERROR;
				CLANG_WARN_UNREACHABLE_CODE = YES;
				CLANG_WARN__DUPLICATE_METHOD_MATCH = YES;
				"CODE_SIGN_IDENTITY[sdk=iphoneos*]" = "iPhone Developer";
				COPY_PHASE_STRIP = NO;
				DEBUG_INFORMATION_FORMAT = "dwarf-with-dsym";
				ENABLE_NS_ASSERTIONS = NO;
				ENABLE_STRICT_OBJC_MSGSEND = YES;
				GCC_C_LANGUAGE_STANDARD = gnu99;
				GCC_NO_COMMON_BLOCKS = YES;
				GCC_WARN_64_TO_32_BIT_CONVERSION = YES;
				GCC_WARN_ABOUT_RETURN_TYPE = YES_ERROR;
				GCC_WARN_UNDECLARED_SELECTOR = YES;
				GCC_WARN_UNINITIALIZED_AUTOS = YES_AGGRESSIVE;
				GCC_WARN_UNUSED_FUNCTION = YES;
				GCC_WARN_UNUSED_VARIABLE = YES;
				IPHONEOS_DEPLOYMENT_TARGET = 8.3;
				MTL_ENABLE_DEBUG_INFO = NO;
				SDKROOT = iphoneos;
				VALIDATE_PRODUCT = YES;
			};
			name = Release;
		};
		9B3D52EC1AD98C6400DAC8FE /* Debug */ = {
			isa = XCBuildConfiguration;
			buildSettings = {
				ASSETCATALOG_COMPILER_APPICON_NAME = AppIcon;
				INFOPLIST_FILE = iDuino/Info.plist;
				LD_RUNPATH_SEARCH_PATHS = "$(inherited) @executable_path/Frameworks";
				PRODUCT_NAME = "$(TARGET_NAME)";
			};
			name = Debug;
		};
		9B3D52ED1AD98C6400DAC8FE /* Release */ = {
			isa = XCBuildConfiguration;
			buildSettings = {
				ASSETCATALOG_COMPILER_APPICON_NAME = AppIcon;
				INFOPLIST_FILE = iDuino/Info.plist;
				LD_RUNPATH_SEARCH_PATHS = "$(inherited) @executable_path/Frameworks";
				PRODUCT_NAME = "$(TARGET_NAME)";
			};
			name = Release;
		};
		9B3D52EF1AD98C6400DAC8FE /* Debug */ = {
			isa = XCBuildConfiguration;
			buildSettings = {
				BUNDLE_LOADER = "$(TEST_HOST)";
				FRAMEWORK_SEARCH_PATHS = (
					"$(SDKROOT)/Developer/Library/Frameworks",
					"$(inherited)",
				);
				GCC_PREPROCESSOR_DEFINITIONS = (
					"DEBUG=1",
					"$(inherited)",
				);
				INFOPLIST_FILE = iDuinoTests/Info.plist;
				LD_RUNPATH_SEARCH_PATHS = "$(inherited) @executable_path/Frameworks @loader_path/Frameworks";
				PRODUCT_NAME = "$(TARGET_NAME)";
				TEST_HOST = "$(BUILT_PRODUCTS_DIR)/iDuino.app/iDuino";
			};
			name = Debug;
		};
		9B3D52F01AD98C6400DAC8FE /* Release */ = {
			isa = XCBuildConfiguration;
			buildSettings = {
				BUNDLE_LOADER = "$(TEST_HOST)";
				FRAMEWORK_SEARCH_PATHS = (
					"$(SDKROOT)/Developer/Library/Frameworks",
					"$(inherited)",
				);
				INFOPLIST_FILE = iDuinoTests/Info.plist;
				LD_RUNPATH_SEARCH_PATHS = "$(inherited) @executable_path/Frameworks @loader_path/Frameworks";
				PRODUCT_NAME = "$(TARGET_NAME)";
				TEST_HOST = "$(BUILT_PRODUCTS_DIR)/iDuino.app/iDuino";
			};
			name = Release;
		};
/* End XCBuildConfiguration section */

/* Begin XCConfigurationList section */
		9B3D52C71AD98C6400DAC8FE /* Build configuration list for PBXProject "iDuino" */ = {
			isa = XCConfigurationList;
			buildConfigurations = (
				9B3D52E91AD98C6400DAC8FE /* Debug */,
				9B3D52EA1AD98C6400DAC8FE /* Release */,
			);
			defaultConfigurationIsVisible = 0;
			defaultConfigurationName = Release;
		};
		9B3D52EB1AD98C6400DAC8FE /* Build configuration list for PBXNativeTarget "iDuino" */ = {
			isa = XCConfigurationList;
			buildConfigurations = (
				9B3D52EC1AD98C6400DAC8FE /* Debug */,
				9B3D52ED1AD98C6400DAC8FE /* Release */,
			);
			defaultConfigurationIsVisible = 0;
		};
		9B3D52EE1AD98C6400DAC8FE /* Build configuration list for PBXNativeTarget "iDuinoTests" */ = {
			isa = XCConfigurationList;
			buildConfigurations = (
				9B3D52EF1AD98C6400DAC8FE /* Debug */,
				9B3D52F01AD98C6400DAC8FE /* Release */,
			);
			defaultConfigurationIsVisible = 0;
		};
/* End XCConfigurationList section */
	};
	rootObject = 9B3D52C41AD98C6400DAC8FE /* Project object */;
}
